
Microsoft Visual Studio Solution File, Format Version 11.00
# Visual Studio 2010
Project("{FAE04EC0-301F-11D3-BF4B-00C04F79EFBC}") = "Manitou.Data.Item.Base", "Manitou.Data.Item.Base\Manitou.Data.Item.Base.csproj", "{059479AC-9F62-4C26-ABE8-D36B889E9837}"
EndProject
Project("{FAE04EC0-301F-11D3-BF4B-00C04F79EFBC}") = "Manitou.Data.Provider", "Manitou.Data.Provider\Manitou.Data.Provider.csproj", "{60DE2AAE-C796-4CF8-9578-AC1FCBAA14BA}"
EndProject
Project("{FAE04EC0-301F-11D3-BF4B-00C04F79EFBC}") = "Manitou.Entity.Base", "Manitou.Entity.Base\Manitou.Entity.Base.csproj", "{6AA36A66-C3C9-437A-8115-B0EE672E098D}"
EndProject
Project("{FAE04EC0-301F-11D3-BF4B-00C04F79EFBC}") = "Manitou.Helper", "Manitou.Helper\Manitou.Helper.csproj", "{35273C6B-2911-4999-8134-76ADFEAB0351}"
EndProject
Project("{FAE04EC0-301F-11D3-BF4B-00C04F79EFBC}") = "Winnetou.WebControls", "Winnetou.WebControls\Winnetou.WebControls.csproj", "{A3BC387C-807A-4872-9505-8E59F80D99C0}"
EndProject
Project("{FAE04EC0-301F-11D3-BF4B-00C04F79EFBC}") = "DashProject.Data.Item", "DashProject.Data.Item\DashProject.Data.Item.csproj", "{687789AB-84F0-4289-BDB3-1B498646D1FD}"
EndProject
Project("{FAE04EC0-301F-11D3-BF4B-00C04F79EFBC}") = "DashProject.Entity", "DashProject.Entity\DashProject.Entity.csproj", "{E6956B73-1418-406E-9AA3-093CD203922F}"
EndProject
Project("{FAE04EC0-301F-11D3-BF4B-00C04F79EFBC}") = "DashProject.Data", "DashProject.Data\DashProject.Data.csproj", "{862299EF-C4B1-492D-9193-8C08B669239F}"
EndProject
Project("{FAE04EC0-301F-11D3-BF4B-00C04F79EFBC}") = "DashProject.Data.MsSql", "DashProject.Data.MsSql\DashProject.Data.MsSql.csproj", "{58180B15-56B4-4448-8A4A-3CF7E20753A5}"
EndProject
Project("{FAE04EC0-301F-11D3-BF4B-00C04F79EFBC}") = "DashProject.Repository", "DashProject.Repository\DashProject.Repository.csproj", "{F7A5AD90-12D4-48CC-BAFA-FED6880BBC39}"
EndProject
Project("{FAE04EC0-301F-11D3-BF4B-00C04F79EFBC}") = "DashProject.Web", "DashProject.Web\DashProject.Web.csproj", "{1D15ED7E-8D45-4979-B5A3-14576AF2444D}"
EndProject
Global
	GlobalSection(SolutionConfigurationPlatforms) = preSolution
		Debug|Any CPU = Debug|Any CPU
		Release|Any CPU = Release|Any CPU
	EndGlobalSection
	GlobalSection(ProjectConfigurationPlatforms) = postSolution
		{059479AC-9F62-4C26-ABE8-D36B889E9837}.Debug|Any CPU.ActiveCfg = Debug|Any CPU
		{059479AC-9F62-4C26-ABE8-D36B889E9837}.Debug|Any CPU.Build.0 = Debug|Any CPU
		{059479AC-9F62-4C26-ABE8-D36B889E9837}.Release|Any CPU.ActiveCfg = Release|Any CPU
		{059479AC-9F62-4C26-ABE8-D36B889E9837}.Release|Any CPU.Build.0 = Release|Any CPU
		{60DE2AAE-C796-4CF8-9578-AC1FCBAA14BA}.Debug|Any CPU.ActiveCfg = Debug|Any CPU
		{60DE2AAE-C796-4CF8-9578-AC1FCBAA14BA}.Debug|Any CPU.Build.0 = Debug|Any CPU
		{60DE2AAE-C796-4CF8-9578-AC1FCBAA14BA}.Release|Any CPU.ActiveCfg = Release|Any CPU
		{60DE2AAE-C796-4CF8-9578-AC1FCBAA14BA}.Release|Any CPU.Build.0 = Release|Any CPU
		{6AA36A66-C3C9-437A-8115-B0EE672E098D}.Debug|Any CPU.ActiveCfg = Debug|Any CPU
		{6AA36A66-C3C9-437A-8115-B0EE672E098D}.Debug|Any CPU.Build.0 = Debug|Any CPU
		{6AA36A66-C3C9-437A-8115-B0EE672E098D}.Release|Any CPU.ActiveCfg = Release|Any CPU
		{6AA36A66-C3C9-437A-8115-B0EE672E098D}.Release|Any CPU.Build.0 = Release|Any CPU
		{35273C6B-2911-4999-8134-76ADFEAB0351}.Debug|Any CPU.ActiveCfg = Debug|Any CPU
		{35273C6B-2911-4999-8134-76ADFEAB0351}.Debug|Any CPU.Build.0 = Debug|Any CPU
		{35273C6B-2911-4999-8134-76ADFEAB0351}.Release|Any CPU.ActiveCfg = Release|Any CPU
		{35273C6B-2911-4999-8134-76ADFEAB0351}.Release|Any CPU.Build.0 = Release|Any CPU
		{A3BC387C-807A-4872-9505-8E59F80D99C0}.Debug|Any CPU.ActiveCfg = Debug|Any CPU
		{A3BC387C-807A-4872-9505-8E59F80D99C0}.Debug|Any CPU.Build.0 = Debug|Any CPU
		{A3BC387C-807A-4872-9505-8E59F80D99C0}.Release|Any CPU.ActiveCfg = Release|Any CPU
		{A3BC387C-807A-4872-9505-8E59F80D99C0}.Release|Any CPU.Build.0 = Release|Any CPU
		{687789AB-84F0-4289-BDB3-1B498646D1FD}.Debug|Any CPU.ActiveCfg = Debug|Any CPU
		{687789AB-84F0-4289-BDB3-1B498646D1FD}.Debug|Any CPU.Build.0 = Debug|Any CPU
		{687789AB-84F0-4289-BDB3-1B498646D1FD}.Release|Any CPU.ActiveCfg = Release|Any CPU
		{687789AB-84F0-4289-BDB3-1B498646D1FD}.Release|Any CPU.Build.0 = Release|Any CPU
		{E6956B73-1418-406E-9AA3-093CD203922F}.Debug|Any CPU.ActiveCfg = Debug|Any CPU
		{E6956B73-1418-406E-9AA3-093CD203922F}.Debug|Any CPU.Build.0 = Debug|Any CPU
		{E6956B73-1418-406E-9AA3-093CD203922F}.Release|Any CPU.ActiveCfg = Release|Any CPU
		{E6956B73-1418-406E-9AA3-093CD203922F}.Release|Any CPU.Build.0 = Release|Any CPU
		{862299EF-C4B1-492D-9193-8C08B669239F}.Debug|Any CPU.ActiveCfg = Debug|Any CPU
		{862299EF-C4B1-492D-9193-8C08B669239F}.Debug|Any CPU.Build.0 = Debug|Any CPU
		{862299EF-C4B1-492D-9193-8C08B669239F}.Release|Any CPU.ActiveCfg = Release|Any CPU
		{862299EF-C4B1-492D-9193-8C08B669239F}.Release|Any CPU.Build.0 = Release|Any CPU
		{58180B15-56B4-4448-8A4A-3CF7E20753A5}.Debug|Any CPU.ActiveCfg = Debug|Any CPU
		{58180B15-56B4-4448-8A4A-3CF7E20753A5}.Debug|Any CPU.Build.0 = Debug|Any CPU
		{58180B15-56B4-4448-8A4A-3CF7E20753A5}.Release|Any CPU.ActiveCfg = Release|Any CPU
		{58180B15-56B4-4448-8A4A-3CF7E20753A5}.Release|Any CPU.Build.0 = Release|Any CPU
		{F7A5AD90-12D4-48CC-BAFA-FED6880BBC39}.Debug|Any CPU.ActiveCfg = Debug|Any CPU
		{F7A5AD90-12D4-48CC-BAFA-FED6880BBC39}.Debug|Any CPU.Build.0 = Debug|Any CPU
		{F7A5AD90-12D4-48CC-BAFA-FED6880BBC39}.Release|Any CPU.ActiveCfg = Release|Any CPU
		{F7A5AD90-12D4-48CC-BAFA-FED6880BBC39}.Release|Any CPU.Build.0 = Release|Any CPU
		{1D15ED7E-8D45-4979-B5A3-14576AF2444D}.Debug|Any CPU.ActiveCfg = Debug|Any CPU
		{1D15ED7E-8D45-4979-B5A3-14576AF2444D}.Debug|Any CPU.Build.0 = Debug|Any CPU
		{1D15ED7E-8D45-4979-B5A3-14576AF2444D}.Release|Any CPU.ActiveCfg = Release|Any CPU
		{1D15ED7E-8D45-4979-B5A3-14576AF2444D}.Release|Any CPU.Build.0 = Release|Any CPU
	EndGlobalSection
	GlobalSection(SolutionProperties) = preSolution
		HideSolutionNode = FALSE
	EndGlobalSection
EndGlobal
